
Microsoft Visual Studio Solution File, Format Version 12.00
# Visual Studio Version 16
VisualStudioVersion = 16.0.29209.62
MinimumVisualStudioVersion = 10.0.40219.1
Project("{00D1A9C2-B5F0-4AF3-8072-F6C62B433612}") = "SSDT_Project", "SSDT_Project\SSDT_Project.sqlproj", "{873E2056-35BB-42E1-ADDC-83D1DC198376}"
EndProject
Global
	GlobalSection(SolutionConfigurationPlatforms) = preSolution
		Debug|Any CPU = Debug|Any CPU
		Release|Any CPU = Release|Any CPU
	EndGlobalSection
	GlobalSection(ProjectConfigurationPlatforms) = postSolution
		{873E2056-35BB-42E1-ADDC-83D1DC198376}.Debug|Any CPU.ActiveCfg = Debug|Any CPU
		{873E2056-35BB-42E1-ADDC-83D1DC198376}.Debug|Any CPU.Build.0 = Debug|Any CPU
		{873E2056-35BB-42E1-ADDC-83D1DC198376}.Debug|Any CPU.Deploy.0 = Debug|Any CPU
		{873E2056-35BB-42E1-ADDC-83D1DC198376}.Release|Any CPU.ActiveCfg = Release|Any CPU
		{873E2056-35BB-42E1-ADDC-83D1DC198376}.Release|Any CPU.Build.0 = Release|Any CPU
		{873E2056-35BB-42E1-ADDC-83D1DC198376}.Release|Any CPU.Deploy.0 = Release|Any CPU
	EndGlobalSection
	GlobalSection(SolutionProperties) = preSolution
		HideSolutionNode = FALSE
	EndGlobalSection
	GlobalSection(ExtensibilityGlobals) = postSolution
		SolutionGuid = {FAAA9A1F-9A83-4A72-A689-7246184AE1DD}
	EndGlobalSection
EndGlobal
